
Microsoft Visual Studio Solution File, Format Version 12.00
# Visual Studio Version 17
VisualStudioVersion = 17.5.002.0
MinimumVisualStudioVersion = 10.0.40219.1
Project("{9A19103F-16F7-4668-BE54-9A1E7A4F7556}") = "Pp2.2_SMG", "Pp2.2_SMG.csproj", "{94480616-3076-45A2-9530-7698D6D5DCA0}"
EndProject
Global
	GlobalSection(SolutionConfigurationPlatforms) = preSolution
		Debug|Any CPU = Debug|Any CPU
		Release|Any CPU = Release|Any CPU
	EndGlobalSection
	GlobalSection(ProjectConfigurationPlatforms) = postSolution
		{94480616-3076-45A2-9530-7698D6D5DCA0}.Debug|Any CPU.ActiveCfg = Debug|Any CPU
		{94480616-3076-45A2-9530-7698D6D5DCA0}.Debug|Any CPU.Build.0 = Debug|Any CPU
		{94480616-3076-45A2-9530-7698D6D5DCA0}.Release|Any CPU.ActiveCfg = Release|Any CPU
		{94480616-3076-45A2-9530-7698D6D5DCA0}.Release|Any CPU.Build.0 = Release|Any CPU
	EndGlobalSection
	GlobalSection(SolutionProperties) = preSolution
		HideSolutionNode = FALSE
	EndGlobalSection
	GlobalSection(ExtensibilityGlobals) = postSolution
		SolutionGuid = {63DB5837-13D0-4535-B251-88031A8D7ACE}
	EndGlobalSection
EndGlobal
